
Microsoft Visual Studio Solution File, Format Version 12.00
# Visual Studio 15
VisualStudioVersion = 15.0.26730.16
MinimumVisualStudioVersion = 10.0.40219.1
Project("{FAE04EC0-301F-11D3-BF4B-00C04F79EFBC}") = "MvcMovie", "MvcMovie\MvcMovie.csproj", "{9B87839F-E618-4E79-9435-D39E70E2EA8A}"
EndProject
Global
	GlobalSection(SolutionConfigurationPlatforms) = preSolution
		Debug|Any CPU = Debug|Any CPU
		Release|Any CPU = Release|Any CPU
	EndGlobalSection
	GlobalSection(ProjectConfigurationPlatforms) = postSolution
		{9B87839F-E618-4E79-9435-D39E70E2EA8A}.Debug|Any CPU.ActiveCfg = Debug|Any CPU
		{9B87839F-E618-4E79-9435-D39E70E2EA8A}.Debug|Any CPU.Build.0 = Debug|Any CPU
		{9B87839F-E618-4E79-9435-D39E70E2EA8A}.Release|Any CPU.ActiveCfg = Release|Any CPU
		{9B87839F-E618-4E79-9435-D39E70E2EA8A}.Release|Any CPU.Build.0 = Release|Any CPU
	EndGlobalSection
	GlobalSection(SolutionProperties) = preSolution
		HideSolutionNode = FALSE
	EndGlobalSection
	GlobalSection(ExtensibilityGlobals) = postSolution
		SolutionGuid = {2EF0F01F-328E-4376-A7F4-45BCCB1A3341}
	EndGlobalSection
EndGlobal
